// !$*UTF8*$!
{
	archiveVersion = 1;
	classes = {
	};
	objectVersion = 55;
	objects = {

/* Begin PBXBuildFile section */
		49E9A9F0BA79B2A5C74469F4 /* Pods_SpaceX_Client.framework in Frameworks */ = {isa = PBXBuildFile; fileRef = E77D6E912D9FC2EE3E764A13 /* Pods_SpaceX_Client.framework */; };
		B346C1F9272D564300CC631B /* ClientRepository+Models.swift in Sources */ = {isa = PBXBuildFile; fileRef = B346C1F8272D564300CC631B /* ClientRepository+Models.swift */; };
		B346C1FB272D93C300CC631B /* LaunchTableViewCell.swift in Sources */ = {isa = PBXBuildFile; fileRef = B346C1FA272D93C300CC631B /* LaunchTableViewCell.swift */; };
		B346C1FD272D9BC800CC631B /* LaunchViewModel.swift in Sources */ = {isa = PBXBuildFile; fileRef = B346C1FC272D9BC800CC631B /* LaunchViewModel.swift */; };
		B346C1FF272DB45100CC631B /* NSMutableString.swift in Sources */ = {isa = PBXBuildFile; fileRef = B346C1FE272DB45100CC631B /* NSMutableString.swift */; };
		B346C201272DFAD100CC631B /* FilterViewController.swift in Sources */ = {isa = PBXBuildFile; fileRef = B346C200272DFAD100CC631B /* FilterViewController.swift */; };
		B346C203272E8F6000CC631B /* FilterViewModel.swift in Sources */ = {isa = PBXBuildFile; fileRef = B346C202272E8F6000CC631B /* FilterViewModel.swift */; };
		B364D76F2729FEC60057BC71 /* AppDelegate.swift in Sources */ = {isa = PBXBuildFile; fileRef = B364D76E2729FEC60057BC71 /* AppDelegate.swift */; };
		B364D7712729FEC60057BC71 /* SceneDelegate.swift in Sources */ = {isa = PBXBuildFile; fileRef = B364D7702729FEC60057BC71 /* SceneDelegate.swift */; };
		B364D7762729FEC60057BC71 /* Main.storyboard in Resources */ = {isa = PBXBuildFile; fileRef = B364D7742729FEC60057BC71 /* Main.storyboard */; };
		B364D7782729FEC70057BC71 /* Assets.xcassets in Resources */ = {isa = PBXBuildFile; fileRef = B364D7772729FEC70057BC71 /* Assets.xcassets */; };
		B364D77B2729FEC70057BC71 /* LaunchScreen.storyboard in Resources */ = {isa = PBXBuildFile; fileRef = B364D7792729FEC70057BC71 /* LaunchScreen.storyboard */; };
		B364D783272A05CA0057BC71 /* AppCoordinator.swift in Sources */ = {isa = PBXBuildFile; fileRef = B364D782272A05CA0057BC71 /* AppCoordinator.swift */; };
		B364D786272A0BBF0057BC71 /* CompanyInfo.swift in Sources */ = {isa = PBXBuildFile; fileRef = B364D785272A0BBF0057BC71 /* CompanyInfo.swift */; };
		B364D788272A0CC20057BC71 /* Launch.swift in Sources */ = {isa = PBXBuildFile; fileRef = B364D787272A0CC20057BC71 /* Launch.swift */; };
		B364D78D272A11020057BC71 /* MainViewController.swift in Sources */ = {isa = PBXBuildFile; fileRef = B364D78C272A11020057BC71 /* MainViewController.swift */; };
		B364D790272A122E0057BC71 /* MainViewModel.swift in Sources */ = {isa = PBXBuildFile; fileRef = B364D78F272A122E0057BC71 /* MainViewModel.swift */; };
		B364D793272A1B810057BC71 /* CompanyInfoTableViewCell.swift in Sources */ = {isa = PBXBuildFile; fileRef = B364D792272A1B810057BC71 /* CompanyInfoTableViewCell.swift */; };
		B364D796272B5C110057BC71 /* ClientRepository.swift in Sources */ = {isa = PBXBuildFile; fileRef = B364D795272B5C100057BC71 /* ClientRepository.swift */; };
		B364D79B272B60580057BC71 /* URLBuilder.swift in Sources */ = {isa = PBXBuildFile; fileRef = B364D79A272B60580057BC71 /* URLBuilder.swift */; };
		B364D79F272B608A0057BC71 /* APIError.swift in Sources */ = {isa = PBXBuildFile; fileRef = B364D79E272B608A0057BC71 /* APIError.swift */; };
		B364D7A1272B62390057BC71 /* NSObject.swift in Sources */ = {isa = PBXBuildFile; fileRef = B364D7A0272B62390057BC71 /* NSObject.swift */; };
/* End PBXBuildFile section */

/* Begin PBXFileReference section */
		7568E0C46EFD52A07123B0DF /* Pods-SpaceX Client.debug.xcconfig */ = {isa = PBXFileReference; includeInIndex = 1; lastKnownFileType = text.xcconfig; name = "Pods-SpaceX Client.debug.xcconfig"; path = "Target Support Files/Pods-SpaceX Client/Pods-SpaceX Client.debug.xcconfig"; sourceTree = "<group>"; };
		B346C1F8272D564300CC631B /* ClientRepository+Models.swift */ = {isa = PBXFileReference; lastKnownFileType = sourcecode.swift; path = "ClientRepository+Models.swift"; sourceTree = "<group>"; };
		B346C1FA272D93C300CC631B /* LaunchTableViewCell.swift */ = {isa = PBXFileReference; lastKnownFileType = sourcecode.swift; path = LaunchTableViewCell.swift; sourceTree = "<group>"; };
		B346C1FC272D9BC800CC631B /* LaunchViewModel.swift */ = {isa = PBXFileReference; lastKnownFileType = sourcecode.swift; path = LaunchViewModel.swift; sourceTree = "<group>"; };
		B346C1FE272DB45100CC631B /* NSMutableString.swift */ = {isa = PBXFileReference; lastKnownFileType = sourcecode.swift; path = NSMutableString.swift; sourceTree = "<group>"; };
		B346C200272DFAD100CC631B /* FilterViewController.swift */ = {isa = PBXFileReference; lastKnownFileType = sourcecode.swift; path = FilterViewController.swift; sourceTree = "<group>"; };
		B346C202272E8F6000CC631B /* FilterViewModel.swift */ = {isa = PBXFileReference; lastKnownFileType = sourcecode.swift; path = FilterViewModel.swift; sourceTree = "<group>"; };
		B364D76B2729FEC60057BC71 /* SpaceX Client.app */ = {isa = PBXFileReference; explicitFileType = wrapper.application; includeInIndex = 0; path = "SpaceX Client.app"; sourceTree = BUILT_PRODUCTS_DIR; };
		B364D76E2729FEC60057BC71 /* AppDelegate.swift */ = {isa = PBXFileReference; lastKnownFileType = sourcecode.swift; path = AppDelegate.swift; sourceTree = "<group>"; };
		B364D7702729FEC60057BC71 /* SceneDelegate.swift */ = {isa = PBXFileReference; lastKnownFileType = sourcecode.swift; path = SceneDelegate.swift; sourceTree = "<group>"; };
		B364D7752729FEC60057BC71 /* Base */ = {isa = PBXFileReference; lastKnownFileType = file.storyboard; name = Base; path = Base.lproj/Main.storyboard; sourceTree = "<group>"; };
		B364D7772729FEC70057BC71 /* Assets.xcassets */ = {isa = PBXFileReference; lastKnownFileType = folder.assetcatalog; path = Assets.xcassets; sourceTree = "<group>"; };
		B364D77A2729FEC70057BC71 /* Base */ = {isa = PBXFileReference; lastKnownFileType = file.storyboard; name = Base; path = Base.lproj/LaunchScreen.storyboard; sourceTree = "<group>"; };
		B364D77C2729FEC70057BC71 /* Info.plist */ = {isa = PBXFileReference; lastKnownFileType = text.plist.xml; path = Info.plist; sourceTree = "<group>"; };
		B364D782272A05CA0057BC71 /* AppCoordinator.swift */ = {isa = PBXFileReference; lastKnownFileType = sourcecode.swift; path = AppCoordinator.swift; sourceTree = "<group>"; };
		B364D785272A0BBF0057BC71 /* CompanyInfo.swift */ = {isa = PBXFileReference; lastKnownFileType = sourcecode.swift; path = CompanyInfo.swift; sourceTree = "<group>"; };
		B364D787272A0CC20057BC71 /* Launch.swift */ = {isa = PBXFileReference; lastKnownFileType = sourcecode.swift; path = Launch.swift; sourceTree = "<group>"; };
		B364D78C272A11020057BC71 /* MainViewController.swift */ = {isa = PBXFileReference; lastKnownFileType = sourcecode.swift; path = MainViewController.swift; sourceTree = "<group>"; };
		B364D78F272A122E0057BC71 /* MainViewModel.swift */ = {isa = PBXFileReference; lastKnownFileType = sourcecode.swift; path = MainViewModel.swift; sourceTree = "<group>"; };
		B364D792272A1B810057BC71 /* CompanyInfoTableViewCell.swift */ = {isa = PBXFileReference; lastKnownFileType = sourcecode.swift; path = CompanyInfoTableViewCell.swift; sourceTree = "<group>"; };
		B364D795272B5C100057BC71 /* ClientRepository.swift */ = {isa = PBXFileReference; lastKnownFileType = sourcecode.swift; path = ClientRepository.swift; sourceTree = "<group>"; };
		B364D79A272B60580057BC71 /* URLBuilder.swift */ = {isa = PBXFileReference; lastKnownFileType = sourcecode.swift; path = URLBuilder.swift; sourceTree = "<group>"; };
		B364D79E272B608A0057BC71 /* APIError.swift */ = {isa = PBXFileReference; lastKnownFileType = sourcecode.swift; path = APIError.swift; sourceTree = "<group>"; };
		B364D7A0272B62390057BC71 /* NSObject.swift */ = {isa = PBXFileReference; lastKnownFileType = sourcecode.swift; path = NSObject.swift; sourceTree = "<group>"; };
		C579915021E67B7392AD627A /* Pods-SpaceX Client.release.xcconfig */ = {isa = PBXFileReference; includeInIndex = 1; lastKnownFileType = text.xcconfig; name = "Pods-SpaceX Client.release.xcconfig"; path = "Target Support Files/Pods-SpaceX Client/Pods-SpaceX Client.release.xcconfig"; sourceTree = "<group>"; };
		E77D6E912D9FC2EE3E764A13 /* Pods_SpaceX_Client.framework */ = {isa = PBXFileReference; explicitFileType = wrapper.framework; includeInIndex = 0; path = Pods_SpaceX_Client.framework; sourceTree = BUILT_PRODUCTS_DIR; };
/* End PBXFileReference section */

/* Begin PBXFrameworksBuildPhase section */
		B364D7682729FEC60057BC71 /* Frameworks */ = {
			isa = PBXFrameworksBuildPhase;
			buildActionMask = 2147483647;
			files = (
				49E9A9F0BA79B2A5C74469F4 /* Pods_SpaceX_Client.framework in Frameworks */,
			);
			runOnlyForDeploymentPostprocessing = 0;
		};
/* End PBXFrameworksBuildPhase section */

/* Begin PBXGroup section */
		8901B841FE9D13DEF7F82B38 /* Pods */ = {
			isa = PBXGroup;
			children = (
				7568E0C46EFD52A07123B0DF /* Pods-SpaceX Client.debug.xcconfig */,
				C579915021E67B7392AD627A /* Pods-SpaceX Client.release.xcconfig */,
			);
			path = Pods;
			sourceTree = "<group>";
		};
		93ADE3A55735AA61350AA9A8 /* Frameworks */ = {
			isa = PBXGroup;
			children = (
				E77D6E912D9FC2EE3E764A13 /* Pods_SpaceX_Client.framework */,
			);
			name = Frameworks;
			sourceTree = "<group>";
		};
		B364D7622729FEC60057BC71 = {
			isa = PBXGroup;
			children = (
				B364D76D2729FEC60057BC71 /* SpaceX Client */,
				B364D76C2729FEC60057BC71 /* Products */,
				8901B841FE9D13DEF7F82B38 /* Pods */,
				93ADE3A55735AA61350AA9A8 /* Frameworks */,
			);
			sourceTree = "<group>";
		};
		B364D76C2729FEC60057BC71 /* Products */ = {
			isa = PBXGroup;
			children = (
				B364D76B2729FEC60057BC71 /* SpaceX Client.app */,
			);
			name = Products;
			sourceTree = "<group>";
		};
		B364D76D2729FEC60057BC71 /* SpaceX Client */ = {
			isa = PBXGroup;
			children = (
				B364D797272B60150057BC71 /* Helpers */,
				B364D76E2729FEC60057BC71 /* AppDelegate.swift */,
				B364D7702729FEC60057BC71 /* SceneDelegate.swift */,
				B364D7742729FEC60057BC71 /* Main.storyboard */,
				B364D7772729FEC70057BC71 /* Assets.xcassets */,
				B364D7792729FEC70057BC71 /* LaunchScreen.storyboard */,
				B364D77C2729FEC70057BC71 /* Info.plist */,
				B364D782272A05CA0057BC71 /* AppCoordinator.swift */,
				B364D784272A07180057BC71 /* Scenes */,
			);
			path = "SpaceX Client";
			sourceTree = "<group>";
		};
		B364D784272A07180057BC71 /* Scenes */ = {
			isa = PBXGroup;
			children = (
				B364D78A272A0F9F0057BC71 /* Main */,
			);
			path = Scenes;
			sourceTree = "<group>";
		};
		B364D789272A0F930057BC71 /* Models */ = {
			isa = PBXGroup;
			children = (
				B364D785272A0BBF0057BC71 /* CompanyInfo.swift */,
				B364D787272A0CC20057BC71 /* Launch.swift */,
			);
			path = Models;
			sourceTree = "<group>";
		};
		B364D78A272A0F9F0057BC71 /* Main */ = {
			isa = PBXGroup;
			children = (
				B364D794272B5BED0057BC71 /* Repositories */,
				B364D791272A1AD60057BC71 /* Views */,
				B364D78E272A12140057BC71 /* ViewModels */,
				B364D78B272A0FE60057BC71 /* ViewControllers */,
				B364D789272A0F930057BC71 /* Models */,
			);
			path = Main;
			sourceTree = "<group>";
		};
		B364D78B272A0FE60057BC71 /* ViewControllers */ = {
			isa = PBXGroup;
			children = (
				B364D78C272A11020057BC71 /* MainViewController.swift */,
				B346C200272DFAD100CC631B /* FilterViewController.swift */,
			);
			path = ViewControllers;
			sourceTree = "<group>";
		};
		B364D78E272A12140057BC71 /* ViewModels */ = {
			isa = PBXGroup;
			children = (
				B364D78F272A122E0057BC71 /* MainViewModel.swift */,
				B346C1FC272D9BC800CC631B /* LaunchViewModel.swift */,
				B346C202272E8F6000CC631B /* FilterViewModel.swift */,
			);
			path = ViewModels;
			sourceTree = "<group>";
		};
		B364D791272A1AD60057BC71 /* Views */ = {
			isa = PBXGroup;
			children = (
				B364D792272A1B810057BC71 /* CompanyInfoTableViewCell.swift */,
				B346C1FA272D93C300CC631B /* LaunchTableViewCell.swift */,
			);
			path = Views;
			sourceTree = "<group>";
		};
		B364D794272B5BED0057BC71 /* Repositories */ = {
			isa = PBXGroup;
			children = (
				B364D795272B5C100057BC71 /* ClientRepository.swift */,
				B346C1F8272D564300CC631B /* ClientRepository+Models.swift */,
			);
			path = Repositories;
			sourceTree = "<group>";
		};
		B364D797272B60150057BC71 /* Helpers */ = {
			isa = PBXGroup;
			children = (
				B364D79A272B60580057BC71 /* URLBuilder.swift */,
				B364D79E272B608A0057BC71 /* APIError.swift */,
				B364D7A0272B62390057BC71 /* NSObject.swift */,
				B346C1FE272DB45100CC631B /* NSMutableString.swift */,
			);
			path = Helpers;
			sourceTree = "<group>";
		};
/* End PBXGroup section */

/* Begin PBXNativeTarget section */
		B364D76A2729FEC60057BC71 /* SpaceX Client */ = {
			isa = PBXNativeTarget;
			buildConfigurationList = B364D77F2729FEC70057BC71 /* Build configuration list for PBXNativeTarget "SpaceX Client" */;
			buildPhases = (
				E68D8DFC8645A5321B73E4B9 /* [CP] Check Pods Manifest.lock */,
				B364D7672729FEC60057BC71 /* Sources */,
				B364D7682729FEC60057BC71 /* Frameworks */,
				B364D7692729FEC60057BC71 /* Resources */,
				1656FD0A08D0A591F6CF5080 /* [CP] Embed Pods Frameworks */,
			);
			buildRules = (
			);
			dependencies = (
			);
			name = "SpaceX Client";
			productName = "SpaceX Client";
			productReference = B364D76B2729FEC60057BC71 /* SpaceX Client.app */;
			productType = "com.apple.product-type.application";
		};
/* End PBXNativeTarget section */

/* Begin PBXProject section */
		B364D7632729FEC60057BC71 /* Project object */ = {
			isa = PBXProject;
			attributes = {
				BuildIndependentTargetsInParallel = 1;
				LastSwiftUpdateCheck = 1310;
				LastUpgradeCheck = 1310;
				TargetAttributes = {
					B364D76A2729FEC60057BC71 = {
						CreatedOnToolsVersion = 13.1;
					};
				};
			};
			buildConfigurationList = B364D7662729FEC60057BC71 /* Build configuration list for PBXProject "SpaceX Client" */;
			compatibilityVersion = "Xcode 13.0";
			developmentRegion = en;
			hasScannedForEncodings = 0;
			knownRegions = (
				en,
				Base,
			);
			mainGroup = B364D7622729FEC60057BC71;
			productRefGroup = B364D76C2729FEC60057BC71 /* Products */;
			projectDirPath = "";
			projectRoot = "";
			targets = (
				B364D76A2729FEC60057BC71 /* SpaceX Client */,
			);
		};
/* End PBXProject section */

/* Begin PBXResourcesBuildPhase section */
		B364D7692729FEC60057BC71 /* Resources */ = {
			isa = PBXResourcesBuildPhase;
			buildActionMask = 2147483647;
			files = (
				B364D77B2729FEC70057BC71 /* LaunchScreen.storyboard in Resources */,
				B364D7782729FEC70057BC71 /* Assets.xcassets in Resources */,
				B364D7762729FEC60057BC71 /* Main.storyboard in Resources */,
			);
			runOnlyForDeploymentPostprocessing = 0;
		};
/* End PBXResourcesBuildPhase section */

/* Begin PBXShellScriptBuildPhase section */
		1656FD0A08D0A591F6CF5080 /* [CP] Embed Pods Frameworks */ = {
			isa = PBXShellScriptBuildPhase;
			buildActionMask = 2147483647;
			files = (
			);
			inputFileListPaths = (
				"${PODS_ROOT}/Target Support Files/Pods-SpaceX Client/Pods-SpaceX Client-frameworks-${CONFIGURATION}-input-files.xcfilelist",
			);
			name = "[CP] Embed Pods Frameworks";
			outputFileListPaths = (
				"${PODS_ROOT}/Target Support Files/Pods-SpaceX Client/Pods-SpaceX Client-frameworks-${CONFIGURATION}-output-files.xcfilelist",
			);
			runOnlyForDeploymentPostprocessing = 0;
			shellPath = /bin/sh;
			shellScript = "\"${PODS_ROOT}/Target Support Files/Pods-SpaceX Client/Pods-SpaceX Client-frameworks.sh\"\n";
			showEnvVarsInLog = 0;
		};
		E68D8DFC8645A5321B73E4B9 /* [CP] Check Pods Manifest.lock */ = {
			isa = PBXShellScriptBuildPhase;
			buildActionMask = 2147483647;
			files = (
			);
			inputFileListPaths = (
			);
			inputPaths = (
				"${PODS_PODFILE_DIR_PATH}/Podfile.lock",
				"${PODS_ROOT}/Manifest.lock",
			);
			name = "[CP] Check Pods Manifest.lock";
			outputFileListPaths = (
			);
			outputPaths = (
				"$(DERIVED_FILE_DIR)/Pods-SpaceX Client-checkManifestLockResult.txt",
			);
			runOnlyForDeploymentPostprocessing = 0;
			shellPath = /bin/sh;
			shellScript = "diff \"${PODS_PODFILE_DIR_PATH}/Podfile.lock\" \"${PODS_ROOT}/Manifest.lock\" > /dev/null\nif [ $? != 0 ] ; then\n    # print error to STDERR\n    echo \"error: The sandbox is not in sync with the Podfile.lock. Run 'pod install' or update your CocoaPods installation.\" >&2\n    exit 1\nfi\n# This output is used by Xcode 'outputs' to avoid re-running this script phase.\necho \"SUCCESS\" > \"${SCRIPT_OUTPUT_FILE_0}\"\n";
			showEnvVarsInLog = 0;
		};
/* End PBXShellScriptBuildPhase section */

/* Begin PBXSourcesBuildPhase section */
		B364D7672729FEC60057BC71 /* Sources */ = {
			isa = PBXSourcesBuildPhase;
			buildActionMask = 2147483647;
			files = (
				B364D796272B5C110057BC71 /* ClientRepository.swift in Sources */,
				B364D79B272B60580057BC71 /* URLBuilder.swift in Sources */,
				B346C1FF272DB45100CC631B /* NSMutableString.swift in Sources */,
				B346C201272DFAD100CC631B /* FilterViewController.swift in Sources */,
				B364D783272A05CA0057BC71 /* AppCoordinator.swift in Sources */,
				B364D7A1272B62390057BC71 /* NSObject.swift in Sources */,
				B364D76F2729FEC60057BC71 /* AppDelegate.swift in Sources */,
				B364D793272A1B810057BC71 /* CompanyInfoTableViewCell.swift in Sources */,
				B364D7712729FEC60057BC71 /* SceneDelegate.swift in Sources */,
				B346C1F9272D564300CC631B /* ClientRepository+Models.swift in Sources */,
				B346C203272E8F6000CC631B /* FilterViewModel.swift in Sources */,
				B346C1FD272D9BC800CC631B /* LaunchViewModel.swift in Sources */,
				B364D78D272A11020057BC71 /* MainViewController.swift in Sources */,
				B364D788272A0CC20057BC71 /* Launch.swift in Sources */,
				B364D786272A0BBF0057BC71 /* CompanyInfo.swift in Sources */,
				B364D790272A122E0057BC71 /* MainViewModel.swift in Sources */,
				B346C1FB272D93C300CC631B /* LaunchTableViewCell.swift in Sources */,
				B364D79F272B608A0057BC71 /* APIError.swift in Sources */,
			);
			runOnlyForDeploymentPostprocessing = 0;
		};
/* End PBXSourcesBuildPhase section */

/* Begin PBXVariantGroup section */
		B364D7742729FEC60057BC71 /* Main.storyboard */ = {
			isa = PBXVariantGroup;
			children = (
				B364D7752729FEC60057BC71 /* Base */,
			);
			name = Main.storyboard;
			sourceTree = "<group>";
		};
		B364D7792729FEC70057BC71 /* LaunchScreen.storyboard */ = {
			isa = PBXVariantGroup;
			children = (
				B364D77A2729FEC70057BC71 /* Base */,
			);
			name = LaunchScreen.storyboard;
			sourceTree = "<group>";
		};
/* End PBXVariantGroup section */

/* Begin XCBuildConfiguration section */
		B364D77D2729FEC70057BC71 /* Debug */ = {
			isa = XCBuildConfiguration;
			buildSettings = {
				ALWAYS_SEARCH_USER_PATHS = NO;
				CLANG_ANALYZER_NONNULL = YES;
				CLANG_ANALYZER_NUMBER_OBJECT_CONVERSION = YES_AGGRESSIVE;
				CLANG_CXX_LANGUAGE_STANDARD = "gnu++17";
				CLANG_CXX_LIBRARY = "libc++";
				CLANG_ENABLE_MODULES = YES;
				CLANG_ENABLE_OBJC_ARC = YES;
				CLANG_ENABLE_OBJC_WEAK = YES;
				CLANG_WARN_BLOCK_CAPTURE_AUTORELEASING = YES;
				CLANG_WARN_BOOL_CONVERSION = YES;
				CLANG_WARN_COMMA = YES;
				CLANG_WARN_CONSTANT_CONVERSION = YES;
				CLANG_WARN_DEPRECATED_OBJC_IMPLEMENTATIONS = YES;
				CLANG_WARN_DIRECT_OBJC_ISA_USAGE = YES_ERROR;
				CLANG_WARN_DOCUMENTATION_COMMENTS = YES;
				CLANG_WARN_EMPTY_BODY = YES;
				CLANG_WARN_ENUM_CONVERSION = YES;
				CLANG_WARN_INFINITE_RECURSION = YES;
				CLANG_WARN_INT_CONVERSION = YES;
				CLANG_WARN_NON_LITERAL_NULL_CONVERSION = YES;
				CLANG_WARN_OBJC_IMPLICIT_RETAIN_SELF = YES;
				CLANG_WARN_OBJC_LITERAL_CONVERSION = YES;
				CLANG_WARN_OBJC_ROOT_CLASS = YES_ERROR;
				CLANG_WARN_QUOTED_INCLUDE_IN_FRAMEWORK_HEADER = YES;
				CLANG_WARN_RANGE_LOOP_ANALYSIS = YES;
				CLANG_WARN_STRICT_PROTOTYPES = YES;
				CLANG_WARN_SUSPICIOUS_MOVE = YES;
				CLANG_WARN_UNGUARDED_AVAILABILITY = YES_AGGRESSIVE;
				CLANG_WARN_UNREACHABLE_CODE = YES;
				CLANG_WARN__DUPLICATE_METHOD_MATCH = YES;
				COPY_PHASE_STRIP = NO;
				DEBUG_INFORMATION_FORMAT = dwarf;
				ENABLE_STRICT_OBJC_MSGSEND = YES;
				ENABLE_TESTABILITY = YES;
				GCC_C_LANGUAGE_STANDARD = gnu11;
				GCC_DYNAMIC_NO_PIC = NO;
				GCC_NO_COMMON_BLOCKS = YES;
				GCC_OPTIMIZATION_LEVEL = 0;
				GCC_PREPROCESSOR_DEFINITIONS = (
					"DEBUG=1",
					"$(inherited)",
				);
				GCC_WARN_64_TO_32_BIT_CONVERSION = YES;
				GCC_WARN_ABOUT_RETURN_TYPE = YES_ERROR;
				GCC_WARN_UNDECLARED_SELECTOR = YES;
				GCC_WARN_UNINITIALIZED_AUTOS = YES_AGGRESSIVE;
				GCC_WARN_UNUSED_FUNCTION = YES;
				GCC_WARN_UNUSED_VARIABLE = YES;
				IPHONEOS_DEPLOYMENT_TARGET = 15.0;
				MTL_ENABLE_DEBUG_INFO = INCLUDE_SOURCE;
				MTL_FAST_MATH = YES;
				ONLY_ACTIVE_ARCH = YES;
				SDKROOT = iphoneos;
				SWIFT_ACTIVE_COMPILATION_CONDITIONS = DEBUG;
				SWIFT_OPTIMIZATION_LEVEL = "-Onone";
			};
			name = Debug;
		};
		B364D77E2729FEC70057BC71 /* Release */ = {
			isa = XCBuildConfiguration;
			buildSettings = {
				ALWAYS_SEARCH_USER_PATHS = NO;
				CLANG_ANALYZER_NONNULL = YES;
				CLANG_ANALYZER_NUMBER_OBJECT_CONVERSION = YES_AGGRESSIVE;
				CLANG_CXX_LANGUAGE_STANDARD = "gnu++17";
				CLANG_CXX_LIBRARY = "libc++";
				CLANG_ENABLE_MODULES = YES;
				CLANG_ENABLE_OBJC_ARC = YES;
				CLANG_ENABLE_OBJC_WEAK = YES;
				CLANG_WARN_BLOCK_CAPTURE_AUTORELEASING = YES;
				CLANG_WARN_BOOL_CONVERSION = YES;
				CLANG_WARN_COMMA = YES;
				CLANG_WARN_CONSTANT_CONVERSION = YES;
				CLANG_WARN_DEPRECATED_OBJC_IMPLEMENTATIONS = YES;
				CLANG_WARN_DIRECT_OBJC_ISA_USAGE = YES_ERROR;
				CLANG_WARN_DOCUMENTATION_COMMENTS = YES;
				CLANG_WARN_EMPTY_BODY = YES;
				CLANG_WARN_ENUM_CONVERSION = YES;
				CLANG_WARN_INFINITE_RECURSION = YES;
				CLANG_WARN_INT_CONVERSION = YES;
				CLANG_WARN_NON_LITERAL_NULL_CONVERSION = YES;
				CLANG_WARN_OBJC_IMPLICIT_RETAIN_SELF = YES;
				CLANG_WARN_OBJC_LITERAL_CONVERSION = YES;
				CLANG_WARN_OBJC_ROOT_CLASS = YES_ERROR;
				CLANG_WARN_QUOTED_INCLUDE_IN_FRAMEWORK_HEADER = YES;
				CLANG_WARN_RANGE_LOOP_ANALYSIS = YES;
				CLANG_WARN_STRICT_PROTOTYPES = YES;
				CLANG_WARN_SUSPICIOUS_MOVE = YES;
				CLANG_WARN_UNGUARDED_AVAILABILITY = YES_AGGRESSIVE;
				CLANG_WARN_UNREACHABLE_CODE = YES;
				CLANG_WARN__DUPLICATE_METHOD_MATCH = YES;
				COPY_PHASE_STRIP = NO;
				DEBUG_INFORMATION_FORMAT = "dwarf-with-dsym";
				ENABLE_NS_ASSERTIONS = NO;
				ENABLE_STRICT_OBJC_MSGSEND = YES;
				GCC_C_LANGUAGE_STANDARD = gnu11;
				GCC_NO_COMMON_BLOCKS = YES;
				GCC_WARN_64_TO_32_BIT_CONVERSION = YES;
				GCC_WARN_ABOUT_RETURN_TYPE = YES_ERROR;
				GCC_WARN_UNDECLARED_SELECTOR = YES;
				GCC_WARN_UNINITIALIZED_AUTOS = YES_AGGRESSIVE;
				GCC_WARN_UNUSED_FUNCTION = YES;
				GCC_WARN_UNUSED_VARIABLE = YES;
				IPHONEOS_DEPLOYMENT_TARGET = 15.0;
				MTL_ENABLE_DEBUG_INFO = NO;
				MTL_FAST_MATH = YES;
				SDKROOT = iphoneos;
				SWIFT_COMPILATION_MODE = wholemodule;
				SWIFT_OPTIMIZATION_LEVEL = "-O";
				VALIDATE_PRODUCT = YES;
			};
			name = Release;
		};
		B364D7802729FEC70057BC71 /* Debug */ = {
			isa = XCBuildConfiguration;
			baseConfigurationReference = 7568E0C46EFD52A07123B0DF /* Pods-SpaceX Client.debug.xcconfig */;
			buildSettings = {
				ASSETCATALOG_COMPILER_APPICON_NAME = AppIcon;
				ASSETCATALOG_COMPILER_GLOBAL_ACCENT_COLOR_NAME = AccentColor;
				CODE_SIGN_STYLE = Automatic;
				CURRENT_PROJECT_VERSION = 1;
				GENERATE_INFOPLIST_FILE = YES;
				INFOPLIST_FILE = "SpaceX Client/Info.plist";
				INFOPLIST_KEY_UIApplicationSupportsIndirectInputEvents = YES;
				INFOPLIST_KEY_UILaunchStoryboardName = LaunchScreen;
				INFOPLIST_KEY_UISupportedInterfaceOrientations_iPad = "UIInterfaceOrientationPortrait UIInterfaceOrientationPortraitUpsideDown UIInterfaceOrientationLandscapeLeft UIInterfaceOrientationLandscapeRight";
				INFOPLIST_KEY_UISupportedInterfaceOrientations_iPhone = "UIInterfaceOrientationPortrait UIInterfaceOrientationLandscapeLeft UIInterfaceOrientationLandscapeRight";
				LD_RUNPATH_SEARCH_PATHS = (
					"$(inherited)",
					"@executable_path/Frameworks",
				);
				MARKETING_VERSION = 1.0;
				PRODUCT_BUNDLE_IDENTIFIER = "papalotl.SpaceX-Client";
				PRODUCT_NAME = "$(TARGET_NAME)";
				SWIFT_EMIT_LOC_STRINGS = YES;
				SWIFT_VERSION = 5.0;
				TARGETED_DEVICE_FAMILY = "1,2";
			};
			name = Debug;
		};
		B364D7812729FEC70057BC71 /* Release */ = {
			isa = XCBuildConfiguration;
			baseConfigurationReference = C579915021E67B7392AD627A /* Pods-SpaceX Client.release.xcconfig */;
			buildSettings = {
				ASSETCATALOG_COMPILER_APPICON_NAME = AppIcon;
				ASSETCATALOG_COMPILER_GLOBAL_ACCENT_COLOR_NAME = AccentColor;
				CODE_SIGN_STYLE = Automatic;
				CURRENT_PROJECT_VERSION = 1;
				GENERATE_INFOPLIST_FILE = YES;
				INFOPLIST_FILE = "SpaceX Client/Info.plist";
				INFOPLIST_KEY_UIApplicationSupportsIndirectInputEvents = YES;
				INFOPLIST_KEY_UILaunchStoryboardName = LaunchScreen;
				INFOPLIST_KEY_UISupportedInterfaceOrientations_iPad = "UIInterfaceOrientationPortrait UIInterfaceOrientationPortraitUpsideDown UIInterfaceOrientationLandscapeLeft UIInterfaceOrientationLandscapeRight";
				INFOPLIST_KEY_UISupportedInterfaceOrientations_iPhone = "UIInterfaceOrientationPortrait UIInterfaceOrientationLandscapeLeft UIInterfaceOrientationLandscapeRight";
				LD_RUNPATH_SEARCH_PATHS = (
					"$(inherited)",
					"@executable_path/Frameworks",
				);
				MARKETING_VERSION = 1.0;
				PRODUCT_BUNDLE_IDENTIFIER = "papalotl.SpaceX-Client";
				PRODUCT_NAME = "$(TARGET_NAME)";
				SWIFT_EMIT_LOC_STRINGS = YES;
				SWIFT_VERSION = 5.0;
				TARGETED_DEVICE_FAMILY = "1,2";
			};
			name = Release;
		};
/* End XCBuildConfiguration section */

/* Begin XCConfigurationList section */
		B364D7662729FEC60057BC71 /* Build configuration list for PBXProject "SpaceX Client" */ = {
			isa = XCConfigurationList;
			buildConfigurations = (
				B364D77D2729FEC70057BC71 /* Debug */,
				B364D77E2729FEC70057BC71 /* Release */,
			);
			defaultConfigurationIsVisible = 0;
			defaultConfigurationName = Release;
		};
		B364D77F2729FEC70057BC71 /* Build configuration list for PBXNativeTarget "SpaceX Client" */ = {
			isa = XCConfigurationList;
			buildConfigurations = (
				B364D7802729FEC70057BC71 /* Debug */,
				B364D7812729FEC70057BC71 /* Release */,
			);
			defaultConfigurationIsVisible = 0;
			defaultConfigurationName = Release;
		};
/* End XCConfigurationList section */
	};
	rootObject = B364D7632729FEC60057BC71 /* Project object */;
}
